
Microsoft Visual Studio Solution File, Format Version 12.00
# Visual Studio 2012
Project("{FAE04EC0-301F-11D3-BF4B-00C04F79EFBC}") = "Puzzle Tools", "Puzzle Tools\Puzzle Tools.csproj", "{79C28B41-E578-418E-9C8C-24302A3B9F29}"
EndProject
Global
	GlobalSection(SolutionConfigurationPlatforms) = preSolution
		Debug|Any CPU = Debug|Any CPU
		Release|Any CPU = Release|Any CPU
	EndGlobalSection
	GlobalSection(ProjectConfigurationPlatforms) = postSolution
		{79C28B41-E578-418E-9C8C-24302A3B9F29}.Debug|Any CPU.ActiveCfg = Debug|Any CPU
		{79C28B41-E578-418E-9C8C-24302A3B9F29}.Debug|Any CPU.Build.0 = Debug|Any CPU
		{79C28B41-E578-418E-9C8C-24302A3B9F29}.Debug|Any CPU.Deploy.0 = Debug|Any CPU
		{79C28B41-E578-418E-9C8C-24302A3B9F29}.Release|Any CPU.ActiveCfg = Release|Any CPU
		{79C28B41-E578-418E-9C8C-24302A3B9F29}.Release|Any CPU.Build.0 = Release|Any CPU
		{79C28B41-E578-418E-9C8C-24302A3B9F29}.Release|Any CPU.Deploy.0 = Release|Any CPU
	EndGlobalSection
	GlobalSection(SolutionProperties) = preSolution
		HideSolutionNode = FALSE
	EndGlobalSection
EndGlobal
